
Microsoft Visual Studio Solution File, Format Version 12.00
# Visual Studio 15
VisualStudioVersion = 15.0.28307.329
MinimumVisualStudioVersion = 10.0.40219.1
Project("{9A19103F-16F7-4668-BE54-9A1E7A4F7556}") = "FoodDelivery", "FoodDelivery\FoodDelivery.csproj", "{428D570F-810B-4074-8C67-B56E492C49E1}"
EndProject
Project("{9A19103F-16F7-4668-BE54-9A1E7A4F7556}") = "FoodDelivery.DAL", "FoodDelivery.DAL\FoodDelivery.DAL.csproj", "{CFC0DF3D-5B28-4D26-8CA8-8CD811DD4DD1}"
EndProject
Project("{9A19103F-16F7-4668-BE54-9A1E7A4F7556}") = "FoodDelivery.DTO", "FoodDelivery.DTO\FoodDelivery.DTO.csproj", "{1DE12A06-EE36-4756-BBCC-7EDE3638B91E}"
EndProject
Project("{9A19103F-16F7-4668-BE54-9A1E7A4F7556}") = "FoodDelivery.BLL", "FoodDelivery.BLL\FoodDelivery.BLL.csproj", "{0C1BDB52-A2B3-4EBE-ACC6-CD00B81ADC6F}"
EndProject
Project("{FAE04EC0-301F-11D3-BF4B-00C04F79EFBC}") = "FoodDelivery.TEST", "FoodDelivery.TEST\FoodDelivery.TEST.csproj", "{65E8261A-AFD5-4FBF-A01E-157EFFFEC880}"
EndProject
Global
	GlobalSection(SolutionConfigurationPlatforms) = preSolution
		Debug|Any CPU = Debug|Any CPU
		Release|Any CPU = Release|Any CPU
	EndGlobalSection
	GlobalSection(ProjectConfigurationPlatforms) = postSolution
		{428D570F-810B-4074-8C67-B56E492C49E1}.Debug|Any CPU.ActiveCfg = Debug|Any CPU
		{428D570F-810B-4074-8C67-B56E492C49E1}.Debug|Any CPU.Build.0 = Debug|Any CPU
		{428D570F-810B-4074-8C67-B56E492C49E1}.Release|Any CPU.ActiveCfg = Release|Any CPU
		{428D570F-810B-4074-8C67-B56E492C49E1}.Release|Any CPU.Build.0 = Release|Any CPU
		{CFC0DF3D-5B28-4D26-8CA8-8CD811DD4DD1}.Debug|Any CPU.ActiveCfg = Debug|Any CPU
		{CFC0DF3D-5B28-4D26-8CA8-8CD811DD4DD1}.Debug|Any CPU.Build.0 = Debug|Any CPU
		{CFC0DF3D-5B28-4D26-8CA8-8CD811DD4DD1}.Release|Any CPU.ActiveCfg = Release|Any CPU
		{CFC0DF3D-5B28-4D26-8CA8-8CD811DD4DD1}.Release|Any CPU.Build.0 = Release|Any CPU
		{1DE12A06-EE36-4756-BBCC-7EDE3638B91E}.Debug|Any CPU.ActiveCfg = Debug|Any CPU
		{1DE12A06-EE36-4756-BBCC-7EDE3638B91E}.Debug|Any CPU.Build.0 = Debug|Any CPU
		{1DE12A06-EE36-4756-BBCC-7EDE3638B91E}.Release|Any CPU.ActiveCfg = Release|Any CPU
		{1DE12A06-EE36-4756-BBCC-7EDE3638B91E}.Release|Any CPU.Build.0 = Release|Any CPU
		{0C1BDB52-A2B3-4EBE-ACC6-CD00B81ADC6F}.Debug|Any CPU.ActiveCfg = Debug|Any CPU
		{0C1BDB52-A2B3-4EBE-ACC6-CD00B81ADC6F}.Debug|Any CPU.Build.0 = Debug|Any CPU
		{0C1BDB52-A2B3-4EBE-ACC6-CD00B81ADC6F}.Release|Any CPU.ActiveCfg = Release|Any CPU
		{0C1BDB52-A2B3-4EBE-ACC6-CD00B81ADC6F}.Release|Any CPU.Build.0 = Release|Any CPU
		{65E8261A-AFD5-4FBF-A01E-157EFFFEC880}.Debug|Any CPU.ActiveCfg = Debug|Any CPU
		{65E8261A-AFD5-4FBF-A01E-157EFFFEC880}.Debug|Any CPU.Build.0 = Debug|Any CPU
		{65E8261A-AFD5-4FBF-A01E-157EFFFEC880}.Release|Any CPU.ActiveCfg = Release|Any CPU
		{65E8261A-AFD5-4FBF-A01E-157EFFFEC880}.Release|Any CPU.Build.0 = Release|Any CPU
	EndGlobalSection
	GlobalSection(SolutionProperties) = preSolution
		HideSolutionNode = FALSE
	EndGlobalSection
	GlobalSection(ExtensibilityGlobals) = postSolution
		SolutionGuid = {5C90553F-5C27-4299-9776-CD35730DAD4C}
	EndGlobalSection
EndGlobal
